
Microsoft Visual Studio Solution File, Format Version 12.00
# Visual Studio Version 17
VisualStudioVersion = 17.13.35931.197 d17.13
MinimumVisualStudioVersion = 10.0.40219.1
Project("{8BC9CEB8-8B4A-11D0-8D11-00A0C91BC942}") = "space_game", "space_game.vcxproj", "{BBE581AC-B0AC-4485-903C-E8BB8B9EFB2F}"
EndProject
Global
	GlobalSection(SolutionConfigurationPlatforms) = preSolution
		Debug|x64 = Debug|x64
		Debug|x86 = Debug|x86
		Release|x64 = Release|x64
		Release|x86 = Release|x86
	EndGlobalSection
	GlobalSection(ProjectConfigurationPlatforms) = postSolution
		{BBE581AC-B0AC-4485-903C-E8BB8B9EFB2F}.Debug|x64.ActiveCfg = Debug|x64
		{BBE581AC-B0AC-4485-903C-E8BB8B9EFB2F}.Debug|x64.Build.0 = Debug|x64
		{BBE581AC-B0AC-4485-903C-E8BB8B9EFB2F}.Debug|x86.ActiveCfg = Debug|Win32
		{BBE581AC-B0AC-4485-903C-E8BB8B9EFB2F}.Debug|x86.Build.0 = Debug|Win32
		{BBE581AC-B0AC-4485-903C-E8BB8B9EFB2F}.Release|x64.ActiveCfg = Release|x64
		{BBE581AC-B0AC-4485-903C-E8BB8B9EFB2F}.Release|x64.Build.0 = Release|x64
		{BBE581AC-B0AC-4485-903C-E8BB8B9EFB2F}.Release|x86.ActiveCfg = Release|Win32
		{BBE581AC-B0AC-4485-903C-E8BB8B9EFB2F}.Release|x86.Build.0 = Release|Win32
	EndGlobalSection
	GlobalSection(SolutionProperties) = preSolution
		HideSolutionNode = FALSE
	EndGlobalSection
	GlobalSection(ExtensibilityGlobals) = postSolution
		SolutionGuid = {5F95C6D1-E7C6-40A9-AFEE-CFBB3F92FC44}
	EndGlobalSection
EndGlobal
